
Microsoft Visual Studio Solution File, Format Version 12.00
# Visual Studio Version 16
VisualStudioVersion = 16.0.28803.156
MinimumVisualStudioVersion = 10.0.40219.1
Project("{9A19103F-16F7-4668-BE54-9A1E7A4F7556}") = "Blazor.Auth0.Examples.ClientSide", "Blazor.auth0.Examples.ClientSide\Blazor.Auth0.Examples.ClientSide.csproj", "{DADC3B8F-8BBB-49D6-8CBF-368A5FE56E32}"
EndProject
Project("{9A19103F-16F7-4668-BE54-9A1E7A4F7556}") = "Blazor.Auth0.Examples.ServerSide", "Blazor.Auth0.Examples.ServerSide\Blazor.Auth0.Examples.ServerSide.csproj", "{62B5CB15-1B9E-4ABA-B95B-0491082E1353}"
EndProject
Global
	GlobalSection(SolutionConfigurationPlatforms) = preSolution
		Debug|Any CPU = Debug|Any CPU
		Release|Any CPU = Release|Any CPU
	EndGlobalSection
	GlobalSection(ProjectConfigurationPlatforms) = postSolution
		{DADC3B8F-8BBB-49D6-8CBF-368A5FE56E32}.Debug|Any CPU.ActiveCfg = Debug|Any CPU
		{DADC3B8F-8BBB-49D6-8CBF-368A5FE56E32}.Debug|Any CPU.Build.0 = Debug|Any CPU
		{DADC3B8F-8BBB-49D6-8CBF-368A5FE56E32}.Release|Any CPU.ActiveCfg = Release|Any CPU
		{DADC3B8F-8BBB-49D6-8CBF-368A5FE56E32}.Release|Any CPU.Build.0 = Release|Any CPU
		{62B5CB15-1B9E-4ABA-B95B-0491082E1353}.Debug|Any CPU.ActiveCfg = Debug|Any CPU
		{62B5CB15-1B9E-4ABA-B95B-0491082E1353}.Debug|Any CPU.Build.0 = Debug|Any CPU
		{62B5CB15-1B9E-4ABA-B95B-0491082E1353}.Release|Any CPU.ActiveCfg = Release|Any CPU
		{62B5CB15-1B9E-4ABA-B95B-0491082E1353}.Release|Any CPU.Build.0 = Release|Any CPU
	EndGlobalSection
	GlobalSection(SolutionProperties) = preSolution
		HideSolutionNode = FALSE
	EndGlobalSection
	GlobalSection(ExtensibilityGlobals) = postSolution
		SolutionGuid = {6B8E8716-7D01-4F1F-B5A4-AD1C1CF0FFC7}
	EndGlobalSection
EndGlobal
