
Microsoft Visual Studio Solution File, Format Version 12.00
# Visual Studio Version 16
VisualStudioVersion = 16.0.28803.156
MinimumVisualStudioVersion = 10.0.40219.1
Project("{9A19103F-16F7-4668-BE54-9A1E7A4F7556}") = "Blazor.Auth0.Examples.ClientSide", "Blazor.auth0.Examples.ClientSide\Blazor.Auth0.Examples.ClientSide.csproj", "{DADC3B8F-8BBB-49D6-8CBF-368A5FE56E32}"
EndProject
Project("{9A19103F-16F7-4668-BE54-9A1E7A4F7556}") = "Blazor.Auth0.Examples.CoreHosted.Server", "Blazor.Auth0.Examples.CoreHosted.Server\Blazor.Auth0.Examples.CoreHosted.Server.csproj", "{F88097B5-E7D2-4B8F-BE17-F14028CDC9BC}"
EndProject
Project("{9A19103F-16F7-4668-BE54-9A1E7A4F7556}") = "Blazor.Auth0.Examples.CoreHosted.Client", "Blazor.Auth0.Examples.CoreHosted.Client\Blazor.Auth0.Examples.CoreHosted.Client.csproj", "{0433803B-AEB8-4718-ADDD-1C8EBC3145BC}"
EndProject
Project("{9A19103F-16F7-4668-BE54-9A1E7A4F7556}") = "Blazor.Auth0.Examples.CoreHosted.Shared", "Blazor.Auth0.Examples.CoreHosted.Shared\Blazor.Auth0.Examples.CoreHosted.Shared.csproj", "{C133F40A-083F-4B80-BD47-2C9FCBDE61D8}"
EndProject
Project("{2150E333-8FDC-42A3-9474-1A3956D46DE8}") = "Client Side", "Client Side", "{83FCBF0D-39DE-4CFB-B327-345EFB20BF5E}"
EndProject
Project("{2150E333-8FDC-42A3-9474-1A3956D46DE8}") = "Server Side", "Server Side", "{B54FEDF2-6729-4688-AF14-C967E343DF8F}"
EndProject
Project("{2150E333-8FDC-42A3-9474-1A3956D46DE8}") = "ASP.Net Core Hosted", "ASP.Net Core Hosted", "{FC7B7475-79A3-4F6B-B3B0-3E075A228AFD}"
EndProject
Project("{9A19103F-16F7-4668-BE54-9A1E7A4F7556}") = "Blazor.Auth0.Examples.ServerSide", "Blazor.Auth0.Examples.ServerSide\Blazor.Auth0.Examples.ServerSide.csproj", "{DB14AC6D-4795-4D44-A3EA-20B597DA8119}"
EndProject
Global
	GlobalSection(SolutionConfigurationPlatforms) = preSolution
		Debug|Any CPU = Debug|Any CPU
		Release|Any CPU = Release|Any CPU
	EndGlobalSection
	GlobalSection(ProjectConfigurationPlatforms) = postSolution
		{DADC3B8F-8BBB-49D6-8CBF-368A5FE56E32}.Debug|Any CPU.ActiveCfg = Debug|Any CPU
		{DADC3B8F-8BBB-49D6-8CBF-368A5FE56E32}.Debug|Any CPU.Build.0 = Debug|Any CPU
		{DADC3B8F-8BBB-49D6-8CBF-368A5FE56E32}.Release|Any CPU.ActiveCfg = Release|Any CPU
		{DADC3B8F-8BBB-49D6-8CBF-368A5FE56E32}.Release|Any CPU.Build.0 = Release|Any CPU
		{F88097B5-E7D2-4B8F-BE17-F14028CDC9BC}.Debug|Any CPU.ActiveCfg = Debug|Any CPU
		{F88097B5-E7D2-4B8F-BE17-F14028CDC9BC}.Debug|Any CPU.Build.0 = Debug|Any CPU
		{F88097B5-E7D2-4B8F-BE17-F14028CDC9BC}.Release|Any CPU.ActiveCfg = Release|Any CPU
		{F88097B5-E7D2-4B8F-BE17-F14028CDC9BC}.Release|Any CPU.Build.0 = Release|Any CPU
		{0433803B-AEB8-4718-ADDD-1C8EBC3145BC}.Debug|Any CPU.ActiveCfg = Debug|Any CPU
		{0433803B-AEB8-4718-ADDD-1C8EBC3145BC}.Debug|Any CPU.Build.0 = Debug|Any CPU
		{0433803B-AEB8-4718-ADDD-1C8EBC3145BC}.Release|Any CPU.ActiveCfg = Release|Any CPU
		{0433803B-AEB8-4718-ADDD-1C8EBC3145BC}.Release|Any CPU.Build.0 = Release|Any CPU
		{C133F40A-083F-4B80-BD47-2C9FCBDE61D8}.Debug|Any CPU.ActiveCfg = Debug|Any CPU
		{C133F40A-083F-4B80-BD47-2C9FCBDE61D8}.Debug|Any CPU.Build.0 = Debug|Any CPU
		{C133F40A-083F-4B80-BD47-2C9FCBDE61D8}.Release|Any CPU.ActiveCfg = Release|Any CPU
		{C133F40A-083F-4B80-BD47-2C9FCBDE61D8}.Release|Any CPU.Build.0 = Release|Any CPU
		{DB14AC6D-4795-4D44-A3EA-20B597DA8119}.Debug|Any CPU.ActiveCfg = Debug|Any CPU
		{DB14AC6D-4795-4D44-A3EA-20B597DA8119}.Debug|Any CPU.Build.0 = Debug|Any CPU
		{DB14AC6D-4795-4D44-A3EA-20B597DA8119}.Release|Any CPU.ActiveCfg = Release|Any CPU
		{DB14AC6D-4795-4D44-A3EA-20B597DA8119}.Release|Any CPU.Build.0 = Release|Any CPU
	EndGlobalSection
	GlobalSection(SolutionProperties) = preSolution
		HideSolutionNode = FALSE
	EndGlobalSection
	GlobalSection(NestedProjects) = preSolution
		{DADC3B8F-8BBB-49D6-8CBF-368A5FE56E32} = {83FCBF0D-39DE-4CFB-B327-345EFB20BF5E}
		{F88097B5-E7D2-4B8F-BE17-F14028CDC9BC} = {FC7B7475-79A3-4F6B-B3B0-3E075A228AFD}
		{0433803B-AEB8-4718-ADDD-1C8EBC3145BC} = {FC7B7475-79A3-4F6B-B3B0-3E075A228AFD}
		{C133F40A-083F-4B80-BD47-2C9FCBDE61D8} = {FC7B7475-79A3-4F6B-B3B0-3E075A228AFD}
		{DB14AC6D-4795-4D44-A3EA-20B597DA8119} = {B54FEDF2-6729-4688-AF14-C967E343DF8F}
	EndGlobalSection
	GlobalSection(ExtensibilityGlobals) = postSolution
		SolutionGuid = {6B8E8716-7D01-4F1F-B5A4-AD1C1CF0FFC7}
	EndGlobalSection
EndGlobal
