
Microsoft Visual Studio Solution File, Format Version 12.00
# Visual Studio Version 16
VisualStudioVersion = 16.0.28803.156
MinimumVisualStudioVersion = 10.0.40219.1
Project("{FAE04EC0-301F-11D3-BF4B-00C04F79EFBC}") = "Blazor.auth0.Examples.ClientSide", "Blazor.auth0.Examples.ClientSide\Blazor.auth0.Examples.ClientSide.csproj", "{C5889A54-B955-4F9F-9132-729D9E382C0A}"
EndProject
Project("{9A19103F-16F7-4668-BE54-9A1E7A4F7556}") = "Blazor.Auth0", "..\src\Blazor.Auth0.csproj", "{EEFC6FDE-86BF-4A1A-8ACE-B0C9F5BBDEE8}"
EndProject
Global
	GlobalSection(SolutionConfigurationPlatforms) = preSolution
		Debug|Any CPU = Debug|Any CPU
		Release|Any CPU = Release|Any CPU
	EndGlobalSection
	GlobalSection(ProjectConfigurationPlatforms) = postSolution
		{C5889A54-B955-4F9F-9132-729D9E382C0A}.Debug|Any CPU.ActiveCfg = Debug|Any CPU
		{C5889A54-B955-4F9F-9132-729D9E382C0A}.Debug|Any CPU.Build.0 = Debug|Any CPU
		{C5889A54-B955-4F9F-9132-729D9E382C0A}.Release|Any CPU.ActiveCfg = Release|Any CPU
		{C5889A54-B955-4F9F-9132-729D9E382C0A}.Release|Any CPU.Build.0 = Release|Any CPU
		{EEFC6FDE-86BF-4A1A-8ACE-B0C9F5BBDEE8}.Debug|Any CPU.ActiveCfg = Debug|Any CPU
		{EEFC6FDE-86BF-4A1A-8ACE-B0C9F5BBDEE8}.Debug|Any CPU.Build.0 = Debug|Any CPU
		{EEFC6FDE-86BF-4A1A-8ACE-B0C9F5BBDEE8}.Release|Any CPU.ActiveCfg = Release|Any CPU
		{EEFC6FDE-86BF-4A1A-8ACE-B0C9F5BBDEE8}.Release|Any CPU.Build.0 = Release|Any CPU
	EndGlobalSection
	GlobalSection(SolutionProperties) = preSolution
		HideSolutionNode = FALSE
	EndGlobalSection
	GlobalSection(ExtensibilityGlobals) = postSolution
		SolutionGuid = {6B8E8716-7D01-4F1F-B5A4-AD1C1CF0FFC7}
	EndGlobalSection
EndGlobal
